
Microsoft Visual Studio Solution File, Format Version 12.00
# Visual Studio 2013
VisualStudioVersion = 12.0.31101.0
MinimumVisualStudioVersion = 10.0.40219.1
Project("{FAE04EC0-301F-11D3-BF4B-00C04F79EFBC}") = "PieceOfCake", "ConsoleApplication1\PieceOfCake.csproj", "{1873F758-196B-46BF-A8E8-42764D498AC2}"
EndProject
Project("{FAE04EC0-301F-11D3-BF4B-00C04F79EFBC}") = "AngryFemaleGPS", "AngryFemaleGPS\AngryFemaleGPS.csproj", "{0510B35B-64EF-431D-8346-5C2FFBE17ECC}"
EndProject
Project("{FAE04EC0-301F-11D3-BF4B-00C04F79EFBC}") = "AngryFemaleGPS-String", "AngryFemaleGPS-String\AngryFemaleGPS-String.csproj", "{9550E528-5285-4188-AAA6-BE378B2E5A6F}"
EndProject
Project("{FAE04EC0-301F-11D3-BF4B-00C04F79EFBC}") = "03.OnesAndZeroes", "03.OnesAndZeroes\03.OnesAndZeroes.csproj", "{3B5F2FE7-DB1E-4FFC-87A9-7F10F6C2A05A}"
EndProject
Project("{FAE04EC0-301F-11D3-BF4B-00C04F79EFBC}") = "NaBabaMiSmetalnika", "NaBabaMiSmetalnika\NaBabaMiSmetalnika.csproj", "{015915F1-7B57-4386-AA46-AF7BD25C045D}"
EndProject
Global
	GlobalSection(SolutionConfigurationPlatforms) = preSolution
		Debug|Any CPU = Debug|Any CPU
		Release|Any CPU = Release|Any CPU
	EndGlobalSection
	GlobalSection(ProjectConfigurationPlatforms) = postSolution
		{1873F758-196B-46BF-A8E8-42764D498AC2}.Debug|Any CPU.ActiveCfg = Debug|Any CPU
		{1873F758-196B-46BF-A8E8-42764D498AC2}.Debug|Any CPU.Build.0 = Debug|Any CPU
		{1873F758-196B-46BF-A8E8-42764D498AC2}.Release|Any CPU.ActiveCfg = Release|Any CPU
		{1873F758-196B-46BF-A8E8-42764D498AC2}.Release|Any CPU.Build.0 = Release|Any CPU
		{0510B35B-64EF-431D-8346-5C2FFBE17ECC}.Debug|Any CPU.ActiveCfg = Debug|Any CPU
		{0510B35B-64EF-431D-8346-5C2FFBE17ECC}.Debug|Any CPU.Build.0 = Debug|Any CPU
		{0510B35B-64EF-431D-8346-5C2FFBE17ECC}.Release|Any CPU.ActiveCfg = Release|Any CPU
		{0510B35B-64EF-431D-8346-5C2FFBE17ECC}.Release|Any CPU.Build.0 = Release|Any CPU
		{9550E528-5285-4188-AAA6-BE378B2E5A6F}.Debug|Any CPU.ActiveCfg = Debug|Any CPU
		{9550E528-5285-4188-AAA6-BE378B2E5A6F}.Debug|Any CPU.Build.0 = Debug|Any CPU
		{9550E528-5285-4188-AAA6-BE378B2E5A6F}.Release|Any CPU.ActiveCfg = Release|Any CPU
		{9550E528-5285-4188-AAA6-BE378B2E5A6F}.Release|Any CPU.Build.0 = Release|Any CPU
		{3B5F2FE7-DB1E-4FFC-87A9-7F10F6C2A05A}.Debug|Any CPU.ActiveCfg = Debug|Any CPU
		{3B5F2FE7-DB1E-4FFC-87A9-7F10F6C2A05A}.Debug|Any CPU.Build.0 = Debug|Any CPU
		{3B5F2FE7-DB1E-4FFC-87A9-7F10F6C2A05A}.Release|Any CPU.ActiveCfg = Release|Any CPU
		{3B5F2FE7-DB1E-4FFC-87A9-7F10F6C2A05A}.Release|Any CPU.Build.0 = Release|Any CPU
		{015915F1-7B57-4386-AA46-AF7BD25C045D}.Debug|Any CPU.ActiveCfg = Debug|Any CPU
		{015915F1-7B57-4386-AA46-AF7BD25C045D}.Debug|Any CPU.Build.0 = Debug|Any CPU
		{015915F1-7B57-4386-AA46-AF7BD25C045D}.Release|Any CPU.ActiveCfg = Release|Any CPU
		{015915F1-7B57-4386-AA46-AF7BD25C045D}.Release|Any CPU.Build.0 = Release|Any CPU
	EndGlobalSection
	GlobalSection(SolutionProperties) = preSolution
		HideSolutionNode = FALSE
	EndGlobalSection
EndGlobal
