
Microsoft Visual Studio Solution File, Format Version 12.00
# Visual Studio 2013
VisualStudioVersion = 12.0.21005.1
MinimumVisualStudioVersion = 10.0.40219.1
Project("{FAE04EC0-301F-11D3-BF4B-00C04F79EFBC}") = "DwarfWarrior.Core", "DwarfWarrior.Core\DwarfWarrior.Core.csproj", "{84AE73B2-FC91-4BEC-A2F8-999C7B9911F0}"
EndProject
Project("{FAE04EC0-301F-11D3-BF4B-00C04F79EFBC}") = "DwarfWarrior.ConsoleClient", "DwarfWarrior.ConsoleClient\DwarfWarrior.ConsoleClient.csproj", "{638116A1-4D4F-4B8E-9515-A0DFB7CAD54B}"
EndProject
Global
	GlobalSection(SolutionConfigurationPlatforms) = preSolution
		Debug|Any CPU = Debug|Any CPU
		Release|Any CPU = Release|Any CPU
	EndGlobalSection
	GlobalSection(ProjectConfigurationPlatforms) = postSolution
		{84AE73B2-FC91-4BEC-A2F8-999C7B9911F0}.Debug|Any CPU.ActiveCfg = Debug|Any CPU
		{84AE73B2-FC91-4BEC-A2F8-999C7B9911F0}.Debug|Any CPU.Build.0 = Debug|Any CPU
		{84AE73B2-FC91-4BEC-A2F8-999C7B9911F0}.Release|Any CPU.ActiveCfg = Release|Any CPU
		{84AE73B2-FC91-4BEC-A2F8-999C7B9911F0}.Release|Any CPU.Build.0 = Release|Any CPU
		{638116A1-4D4F-4B8E-9515-A0DFB7CAD54B}.Debug|Any CPU.ActiveCfg = Debug|Any CPU
		{638116A1-4D4F-4B8E-9515-A0DFB7CAD54B}.Debug|Any CPU.Build.0 = Debug|Any CPU
		{638116A1-4D4F-4B8E-9515-A0DFB7CAD54B}.Release|Any CPU.ActiveCfg = Release|Any CPU
		{638116A1-4D4F-4B8E-9515-A0DFB7CAD54B}.Release|Any CPU.Build.0 = Release|Any CPU
	EndGlobalSection
	GlobalSection(SolutionProperties) = preSolution
		HideSolutionNode = FALSE
	EndGlobalSection
EndGlobal
