
Microsoft Visual Studio Solution File, Format Version 12.00
# Visual Studio 2013
VisualStudioVersion = 12.0.31101.0
MinimumVisualStudioVersion = 10.0.40219.1
Project("{FAE04EC0-301F-11D3-BF4B-00C04F79EFBC}") = "Shapes", "ShapesTest\Shapes.csproj", "{16E50763-1CED-44F4-BA5A-8E8B7CD45355}"
EndProject
Project("{2150E333-8FDC-42A3-9474-1A3956D46DE8}") = "Shapess", "Shapess", "{74E67108-4E2C-4651-B120-E10204193470}"
EndProject
Project("{2150E333-8FDC-42A3-9474-1A3956D46DE8}") = "BankAccounts", "BankAccounts", "{782E580F-80C5-415E-BFCB-7E24CD520541}"
EndProject
Project("{FAE04EC0-301F-11D3-BF4B-00C04F79EFBC}") = "BankAccounts", "BankAccountsTest\BankAccounts.csproj", "{4AD49C72-3159-4905-9C31-412B9489568B}"
EndProject
Project("{2150E333-8FDC-42A3-9474-1A3956D46DE8}") = "RangeExceptions", "RangeExceptions", "{9790A557-DAFE-404B-BCBD-980DFB1E7CFF}"
EndProject
Project("{FAE04EC0-301F-11D3-BF4B-00C04F79EFBC}") = "RangeExceptions", "RangeExceptions\RangeExceptions.csproj", "{6235DC8A-056C-4432-9311-A468B860DAB9}"
EndProject
Global
	GlobalSection(SolutionConfigurationPlatforms) = preSolution
		Debug|Any CPU = Debug|Any CPU
		Release|Any CPU = Release|Any CPU
	EndGlobalSection
	GlobalSection(ProjectConfigurationPlatforms) = postSolution
		{16E50763-1CED-44F4-BA5A-8E8B7CD45355}.Debug|Any CPU.ActiveCfg = Debug|Any CPU
		{16E50763-1CED-44F4-BA5A-8E8B7CD45355}.Debug|Any CPU.Build.0 = Debug|Any CPU
		{16E50763-1CED-44F4-BA5A-8E8B7CD45355}.Release|Any CPU.ActiveCfg = Release|Any CPU
		{16E50763-1CED-44F4-BA5A-8E8B7CD45355}.Release|Any CPU.Build.0 = Release|Any CPU
		{4AD49C72-3159-4905-9C31-412B9489568B}.Debug|Any CPU.ActiveCfg = Debug|Any CPU
		{4AD49C72-3159-4905-9C31-412B9489568B}.Debug|Any CPU.Build.0 = Debug|Any CPU
		{4AD49C72-3159-4905-9C31-412B9489568B}.Release|Any CPU.ActiveCfg = Release|Any CPU
		{4AD49C72-3159-4905-9C31-412B9489568B}.Release|Any CPU.Build.0 = Release|Any CPU
		{6235DC8A-056C-4432-9311-A468B860DAB9}.Debug|Any CPU.ActiveCfg = Debug|Any CPU
		{6235DC8A-056C-4432-9311-A468B860DAB9}.Debug|Any CPU.Build.0 = Debug|Any CPU
		{6235DC8A-056C-4432-9311-A468B860DAB9}.Release|Any CPU.ActiveCfg = Release|Any CPU
		{6235DC8A-056C-4432-9311-A468B860DAB9}.Release|Any CPU.Build.0 = Release|Any CPU
	EndGlobalSection
	GlobalSection(SolutionProperties) = preSolution
		HideSolutionNode = FALSE
	EndGlobalSection
	GlobalSection(NestedProjects) = preSolution
		{16E50763-1CED-44F4-BA5A-8E8B7CD45355} = {74E67108-4E2C-4651-B120-E10204193470}
		{4AD49C72-3159-4905-9C31-412B9489568B} = {782E580F-80C5-415E-BFCB-7E24CD520541}
		{6235DC8A-056C-4432-9311-A468B860DAB9} = {9790A557-DAFE-404B-BCBD-980DFB1E7CFF}
	EndGlobalSection
EndGlobal
